
Microsoft Visual Studio Solution File, Format Version 12.00
# Visual Studio 15
VisualStudioVersion = 15.0.27428.2002
MinimumVisualStudioVersion = 10.0.40219.1
Project("{FAE04EC0-301F-11D3-BF4B-00C04F79EFBC}") = "DesignPatterns", "DesignPatterns\DesignPatterns.csproj", "{8B58FE8E-761B-41B9-B760-BCD23D5CE1FD}"
EndProject
Global
	GlobalSection(SolutionConfigurationPlatforms) = preSolution
		Debug|Any CPU = Debug|Any CPU
		Release|Any CPU = Release|Any CPU
	EndGlobalSection
	GlobalSection(ProjectConfigurationPlatforms) = postSolution
		{8B58FE8E-761B-41B9-B760-BCD23D5CE1FD}.Debug|Any CPU.ActiveCfg = Debug|Any CPU
		{8B58FE8E-761B-41B9-B760-BCD23D5CE1FD}.Debug|Any CPU.Build.0 = Debug|Any CPU
		{8B58FE8E-761B-41B9-B760-BCD23D5CE1FD}.Release|Any CPU.ActiveCfg = Release|Any CPU
		{8B58FE8E-761B-41B9-B760-BCD23D5CE1FD}.Release|Any CPU.Build.0 = Release|Any CPU
	EndGlobalSection
	GlobalSection(SolutionProperties) = preSolution
		HideSolutionNode = FALSE
	EndGlobalSection
	GlobalSection(ExtensibilityGlobals) = postSolution
		SolutionGuid = {4F41B316-1C00-47E6-8B6C-66086E17E1A7}
	EndGlobalSection
EndGlobal
